# THIS IS AN AUTOGENERATED FILE. DO NOT EDIT THIS FILE DIRECTLY.
# yarn lockfile v1


kafkajs@^2.0.2:
  version "2.1.0"
  resolved "https://registry.yarnpkg.com/kafkajs/-/kafkajs-2.1.0.tgz#32ede4e8080cc75586c5e4406eeb582fa73f7b1e"
  integrity sha512-6IYiOdGWvFPbSbVB+AV3feT+A7vzw5sXm7Ze4QTfP7FRNdY8pGcpiNPvD2lfgYFD8Dm9KbMgBgTt2mf8KaIkzw==

minimist@^1.2.6:
  version "1.2.6"
  resolved "https://registry.yarnpkg.com/minimist/-/minimist-1.2.6.tgz#8637a5b759ea0d6e98702cfb3a9283323c93af44"
  integrity sha512-Jsjnk4bw3YJqYzbdyBiNsPWHPfO++UGG749Cxs6peCu5Xg4nrena6OVxOYxrQTqww0Jmwt+Ref8rggumkTLz9Q==
