{
  "name": "lab3",
  "version": "1.0.0",
  "lockfileVersion": 2,
  "requires": true,
  "packages": {
    "": {
      "name": "lab3",
      "version": "1.0.0",
      "license": "ISC",
      "dependencies": {
        "kafkajs": "^1.15.0",
        "kafkajs-avro": "^1.0.4",
        "minimist": "^1.2.5"
      }
    },
    "node_modules/@types/kafkajs": {
      "version": "1.9.0",
      "resolved": "https://registry.npmjs.org/@types/kafkajs/-/kafkajs-1.9.0.tgz",
      "integrity": "sha512-R9VDNbiw+vNfxWjjFHUrLMF/Dfc7asGXzKtYUwI4FaT24Chf5ZNkfvce54p4dkLMxPcsrEsVazAK0Jp2ib4Zxw==",
      "deprecated": "This is a stub types definition. kafkajs provides its own type definitions, so you do not need this installed.",
      "dependencies": {
        "kafkajs": "*"
      }
    },
    "node_modules/avsc": {
      "version": "5.7.0",
      "resolved": "https://registry.npmjs.org/avsc/-/avsc-5.7.0.tgz",
      "integrity": "sha512-oP3jgI9SaZnwLwkRx7sHDPctXCUGGp+X4FsCgzHpMTNhYhGhXAFinptdGpWid2GTXAkhNp8ksAjqyqQBhoQ7BQ==",
      "engines": {
        "node": ">=0.11"
      }
    },
    "node_modules/kafkajs": {
      "version": "1.15.0",
      "resolved": "https://registry.npmjs.org/kafkajs/-/kafkajs-1.15.0.tgz",
      "integrity": "sha512-yjPyEnQCkPxAuQLIJnY5dI+xnmmgXmhuOQ1GVxClG5KTOV/rJcW1qA3UfvyEJKTp/RTSqQnUR3HJsKFvHyTpNg==",
      "engines": {
        "node": ">=10.13.0"
      }
    },
    "node_modules/kafkajs-avro": {
      "version": "1.0.4",
      "resolved": "https://registry.npmjs.org/kafkajs-avro/-/kafkajs-avro-1.0.4.tgz",
      "integrity": "sha512-PQ52miGgInBaKJAfvNfafujSAZlP9uK91x2bzxE6pCrh/q8gqr52ZPagPVYkXmF709XIZYWihfRhl6dp2rK3vA==",
      "dependencies": {
        "@types/kafkajs": "^1.4.1",
        "avsc": "^5.4.7",
        "kafkajs": "^1.7.0",
        "node-fetch": "^2.3.0"
      }
    },
    "node_modules/minimist": {
      "version": "1.2.5",
      "resolved": "https://registry.npmjs.org/minimist/-/minimist-1.2.5.tgz",
      "integrity": "sha512-FM9nNUYrRBAELZQT3xeZQ7fmMOBg6nWNmJKTcgsJeaLstP/UODVpGsr5OhXhhXg6f+qtJ8uiZ+PUxkDWcgIXLw=="
    },
    "node_modules/node-fetch": {
      "version": "2.6.1",
      "resolved": "https://registry.npmjs.org/node-fetch/-/node-fetch-2.6.1.tgz",
      "integrity": "sha512-V4aYg89jEoVRxRb2fJdAg8FHvI7cEyYdVAh94HH0UIK8oJxUfkjlDQN9RbMx+bEjP7+ggMiFRprSti032Oipxw==",
      "engines": {
        "node": "4.x || >=6.0.0"
      }
    }
  },
  "dependencies": {
    "@types/kafkajs": {
      "version": "1.9.0",
      "resolved": "https://registry.npmjs.org/@types/kafkajs/-/kafkajs-1.9.0.tgz",
      "integrity": "sha512-R9VDNbiw+vNfxWjjFHUrLMF/Dfc7asGXzKtYUwI4FaT24Chf5ZNkfvce54p4dkLMxPcsrEsVazAK0Jp2ib4Zxw==",
      "requires": {
        "kafkajs": "*"
      }
    },
    "avsc": {
      "version": "5.7.0",
      "resolved": "https://registry.npmjs.org/avsc/-/avsc-5.7.0.tgz",
      "integrity": "sha512-oP3jgI9SaZnwLwkRx7sHDPctXCUGGp+X4FsCgzHpMTNhYhGhXAFinptdGpWid2GTXAkhNp8ksAjqyqQBhoQ7BQ=="
    },
    "kafkajs": {
      "version": "1.15.0",
      "resolved": "https://registry.npmjs.org/kafkajs/-/kafkajs-1.15.0.tgz",
      "integrity": "sha512-yjPyEnQCkPxAuQLIJnY5dI+xnmmgXmhuOQ1GVxClG5KTOV/rJcW1qA3UfvyEJKTp/RTSqQnUR3HJsKFvHyTpNg=="
    },
    "kafkajs-avro": {
      "version": "1.0.4",
      "resolved": "https://registry.npmjs.org/kafkajs-avro/-/kafkajs-avro-1.0.4.tgz",
      "integrity": "sha512-PQ52miGgInBaKJAfvNfafujSAZlP9uK91x2bzxE6pCrh/q8gqr52ZPagPVYkXmF709XIZYWihfRhl6dp2rK3vA==",
      "requires": {
        "@types/kafkajs": "^1.4.1",
        "avsc": "^5.4.7",
        "kafkajs": "^1.7.0",
        "node-fetch": "^2.3.0"
      }
    },
    "minimist": {
      "version": "1.2.5",
      "resolved": "https://registry.npmjs.org/minimist/-/minimist-1.2.5.tgz",
      "integrity": "sha512-FM9nNUYrRBAELZQT3xeZQ7fmMOBg6nWNmJKTcgsJeaLstP/UODVpGsr5OhXhhXg6f+qtJ8uiZ+PUxkDWcgIXLw=="
    },
    "node-fetch": {
      "version": "2.6.1",
      "resolved": "https://registry.npmjs.org/node-fetch/-/node-fetch-2.6.1.tgz",
      "integrity": "sha512-V4aYg89jEoVRxRb2fJdAg8FHvI7cEyYdVAh94HH0UIK8oJxUfkjlDQN9RbMx+bEjP7+ggMiFRprSti032Oipxw=="
    }
  }
}
