{
  "name": "lab3",
  "version": "1.0.0",
  "lockfileVersion": 2,
  "requires": true,
  "packages": {
    "": {
      "name": "lab3",
      "version": "1.0.0",
      "license": "ISC",
      "dependencies": {
        "kafkajs": "^1.15.0",
        "kafkajs-avro": "^1.0.4",
        "minimist": "^1.2.5"
      }
    },
    "node_modules/@types/kafkajs": {
      "version": "1.9.0",
      "resolved": "https://registry.npmjs.org/@types/kafkajs/-/kafkajs-1.9.0.tgz",
      "integrity": "sha512-R9VDNbiw+vNfxWjjFHUrLMF/Dfc7asGXzKtYUwI4FaT24Chf5ZNkfvce54p4dkLMxPcsrEsVazAK0Jp2ib4Zxw==",
      "deprecated": "This is a stub types definition. kafkajs provides its own type definitions, so you do not need this installed.",
      "dependencies": {
        "kafkajs": "*"
      }
    },
    "node_modules/avsc": {
      "version": "5.7.4",
      "resolved": "https://registry.npmjs.org/avsc/-/avsc-5.7.4.tgz",
      "integrity": "sha512-z4oo33lmnvvNRqfUe3YjDGGpqu/L2+wXBIhMtwq6oqZ+exOUAkQYM6zd2VWKF7AIlajOF8ZZuPFfryTG9iLC/w==",
      "engines": {
        "node": ">=0.11"
      }
    },
    "node_modules/kafkajs": {
      "version": "1.16.0",
      "resolved": "https://registry.npmjs.org/kafkajs/-/kafkajs-1.16.0.tgz",
      "integrity": "sha512-+Rcfu2hyQ/jv5skqRY8xA7Ra+mmRkDAzCaLDYbkGtgsNKpzxPWiLbk8ub0dgr4EbWrN1Zb4BCXHUkD6+zYfdWg==",
      "engines": {
        "node": ">=10.13.0"
      }
    },
    "node_modules/kafkajs-avro": {
      "version": "1.0.4",
      "resolved": "https://registry.npmjs.org/kafkajs-avro/-/kafkajs-avro-1.0.4.tgz",
      "integrity": "sha512-PQ52miGgInBaKJAfvNfafujSAZlP9uK91x2bzxE6pCrh/q8gqr52ZPagPVYkXmF709XIZYWihfRhl6dp2rK3vA==",
      "dependencies": {
        "@types/kafkajs": "^1.4.1",
        "avsc": "^5.4.7",
        "kafkajs": "^1.7.0",
        "node-fetch": "^2.3.0"
      }
    },
    "node_modules/minimist": {
      "version": "1.2.6",
      "resolved": "https://registry.npmjs.org/minimist/-/minimist-1.2.6.tgz",
      "integrity": "sha512-Jsjnk4bw3YJqYzbdyBiNsPWHPfO++UGG749Cxs6peCu5Xg4nrena6OVxOYxrQTqww0Jmwt+Ref8rggumkTLz9Q=="
    },
    "node_modules/node-fetch": {
      "version": "2.6.7",
      "resolved": "https://registry.npmjs.org/node-fetch/-/node-fetch-2.6.7.tgz",
      "integrity": "sha512-ZjMPFEfVx5j+y2yF35Kzx5sF7kDzxuDj6ziH4FFbOp87zKDZNx8yExJIb05OGF4Nlt9IHFIMBkRl41VdvcNdbQ==",
      "dependencies": {
        "whatwg-url": "^5.0.0"
      },
      "engines": {
        "node": "4.x || >=6.0.0"
      },
      "peerDependencies": {
        "encoding": "^0.1.0"
      },
      "peerDependenciesMeta": {
        "encoding": {
          "optional": true
        }
      }
    },
    "node_modules/tr46": {
      "version": "0.0.3",
      "resolved": "https://registry.npmjs.org/tr46/-/tr46-0.0.3.tgz",
      "integrity": "sha512-N3WMsuqV66lT30CrXNbEjx4GEwlow3v6rr4mCcv6prnfwhS01rkgyFdjPNBYd9br7LpXV1+Emh01fHnq2Gdgrw=="
    },
    "node_modules/webidl-conversions": {
      "version": "3.0.1",
      "resolved": "https://registry.npmjs.org/webidl-conversions/-/webidl-conversions-3.0.1.tgz",
      "integrity": "sha512-2JAn3z8AR6rjK8Sm8orRC0h/bcl/DqL7tRPdGZ4I1CjdF+EaMLmYxBHyXuKL849eucPFhvBoxMsflfOb8kxaeQ=="
    },
    "node_modules/whatwg-url": {
      "version": "5.0.0",
      "resolved": "https://registry.npmjs.org/whatwg-url/-/whatwg-url-5.0.0.tgz",
      "integrity": "sha512-saE57nupxk6v3HY35+jzBwYa0rKSy0XR8JSxZPwgLr7ys0IBzhGviA1/TUGJLmSVqs8pb9AnvICXEuOHLprYTw==",
      "dependencies": {
        "tr46": "~0.0.3",
        "webidl-conversions": "^3.0.0"
      }
    }
  },
  "dependencies": {
    "@types/kafkajs": {
      "version": "1.9.0",
      "resolved": "https://registry.npmjs.org/@types/kafkajs/-/kafkajs-1.9.0.tgz",
      "integrity": "sha512-R9VDNbiw+vNfxWjjFHUrLMF/Dfc7asGXzKtYUwI4FaT24Chf5ZNkfvce54p4dkLMxPcsrEsVazAK0Jp2ib4Zxw==",
      "requires": {
        "kafkajs": "*"
      }
    },
    "avsc": {
      "version": "5.7.4",
      "resolved": "https://registry.npmjs.org/avsc/-/avsc-5.7.4.tgz",
      "integrity": "sha512-z4oo33lmnvvNRqfUe3YjDGGpqu/L2+wXBIhMtwq6oqZ+exOUAkQYM6zd2VWKF7AIlajOF8ZZuPFfryTG9iLC/w=="
    },
    "kafkajs": {
      "version": "1.16.0",
      "resolved": "https://registry.npmjs.org/kafkajs/-/kafkajs-1.16.0.tgz",
      "integrity": "sha512-+Rcfu2hyQ/jv5skqRY8xA7Ra+mmRkDAzCaLDYbkGtgsNKpzxPWiLbk8ub0dgr4EbWrN1Zb4BCXHUkD6+zYfdWg=="
    },
    "kafkajs-avro": {
      "version": "1.0.4",
      "resolved": "https://registry.npmjs.org/kafkajs-avro/-/kafkajs-avro-1.0.4.tgz",
      "integrity": "sha512-PQ52miGgInBaKJAfvNfafujSAZlP9uK91x2bzxE6pCrh/q8gqr52ZPagPVYkXmF709XIZYWihfRhl6dp2rK3vA==",
      "requires": {
        "@types/kafkajs": "^1.4.1",
        "avsc": "^5.4.7",
        "kafkajs": "^1.7.0",
        "node-fetch": "^2.3.0"
      }
    },
    "minimist": {
      "version": "1.2.6",
      "resolved": "https://registry.npmjs.org/minimist/-/minimist-1.2.6.tgz",
      "integrity": "sha512-Jsjnk4bw3YJqYzbdyBiNsPWHPfO++UGG749Cxs6peCu5Xg4nrena6OVxOYxrQTqww0Jmwt+Ref8rggumkTLz9Q=="
    },
    "node-fetch": {
      "version": "2.6.7",
      "resolved": "https://registry.npmjs.org/node-fetch/-/node-fetch-2.6.7.tgz",
      "integrity": "sha512-ZjMPFEfVx5j+y2yF35Kzx5sF7kDzxuDj6ziH4FFbOp87zKDZNx8yExJIb05OGF4Nlt9IHFIMBkRl41VdvcNdbQ==",
      "requires": {
        "whatwg-url": "^5.0.0"
      }
    },
    "tr46": {
      "version": "0.0.3",
      "resolved": "https://registry.npmjs.org/tr46/-/tr46-0.0.3.tgz",
      "integrity": "sha512-N3WMsuqV66lT30CrXNbEjx4GEwlow3v6rr4mCcv6prnfwhS01rkgyFdjPNBYd9br7LpXV1+Emh01fHnq2Gdgrw=="
    },
    "webidl-conversions": {
      "version": "3.0.1",
      "resolved": "https://registry.npmjs.org/webidl-conversions/-/webidl-conversions-3.0.1.tgz",
      "integrity": "sha512-2JAn3z8AR6rjK8Sm8orRC0h/bcl/DqL7tRPdGZ4I1CjdF+EaMLmYxBHyXuKL849eucPFhvBoxMsflfOb8kxaeQ=="
    },
    "whatwg-url": {
      "version": "5.0.0",
      "resolved": "https://registry.npmjs.org/whatwg-url/-/whatwg-url-5.0.0.tgz",
      "integrity": "sha512-saE57nupxk6v3HY35+jzBwYa0rKSy0XR8JSxZPwgLr7ys0IBzhGviA1/TUGJLmSVqs8pb9AnvICXEuOHLprYTw==",
      "requires": {
        "tr46": "~0.0.3",
        "webidl-conversions": "^3.0.0"
      }
    }
  }
}
